
Microsoft Visual Studio Solution File, Format Version 12.00
# Visual Studio Version 17
VisualStudioVersion = 17.7.34031.279
MinimumVisualStudioVersion = 10.0.40219.1
Project("{FAE04EC0-301F-11D3-BF4B-00C04F79EFBC}") = "PresentacionAdmin", "PresentacionAdmin\PresentacionAdmin.csproj", "{E5D04D31-A126-403F-A77F-635168FA9377}"
EndProject
Project("{FAE04EC0-301F-11D3-BF4B-00C04F79EFBC}") = "Negociacion", "Negociacion\Negociacion.csproj", "{2C290B92-FDD3-4660-9D00-875F0A209101}"
EndProject
Project("{FAE04EC0-301F-11D3-BF4B-00C04F79EFBC}") = "Datos", "Datos\Datos.csproj", "{524CBEF9-8890-450D-B4D5-C5C7297B17CA}"
EndProject
Project("{FAE04EC0-301F-11D3-BF4B-00C04F79EFBC}") = "Comun", "Comun\Comun.csproj", "{8BC4F7C2-635C-4E2D-B723-A603036F2F00}"
EndProject
Global
	GlobalSection(SolutionConfigurationPlatforms) = preSolution
		Debug|Any CPU = Debug|Any CPU
		Release|Any CPU = Release|Any CPU
	EndGlobalSection
	GlobalSection(ProjectConfigurationPlatforms) = postSolution
		{E5D04D31-A126-403F-A77F-635168FA9377}.Debug|Any CPU.ActiveCfg = Debug|Any CPU
		{E5D04D31-A126-403F-A77F-635168FA9377}.Debug|Any CPU.Build.0 = Debug|Any CPU
		{E5D04D31-A126-403F-A77F-635168FA9377}.Release|Any CPU.ActiveCfg = Release|Any CPU
		{E5D04D31-A126-403F-A77F-635168FA9377}.Release|Any CPU.Build.0 = Release|Any CPU
		{2C290B92-FDD3-4660-9D00-875F0A209101}.Debug|Any CPU.ActiveCfg = Debug|Any CPU
		{2C290B92-FDD3-4660-9D00-875F0A209101}.Debug|Any CPU.Build.0 = Debug|Any CPU
		{2C290B92-FDD3-4660-9D00-875F0A209101}.Release|Any CPU.ActiveCfg = Release|Any CPU
		{2C290B92-FDD3-4660-9D00-875F0A209101}.Release|Any CPU.Build.0 = Release|Any CPU
		{524CBEF9-8890-450D-B4D5-C5C7297B17CA}.Debug|Any CPU.ActiveCfg = Debug|Any CPU
		{524CBEF9-8890-450D-B4D5-C5C7297B17CA}.Debug|Any CPU.Build.0 = Debug|Any CPU
		{524CBEF9-8890-450D-B4D5-C5C7297B17CA}.Release|Any CPU.ActiveCfg = Release|Any CPU
		{524CBEF9-8890-450D-B4D5-C5C7297B17CA}.Release|Any CPU.Build.0 = Release|Any CPU
		{8BC4F7C2-635C-4E2D-B723-A603036F2F00}.Debug|Any CPU.ActiveCfg = Debug|Any CPU
		{8BC4F7C2-635C-4E2D-B723-A603036F2F00}.Debug|Any CPU.Build.0 = Debug|Any CPU
		{8BC4F7C2-635C-4E2D-B723-A603036F2F00}.Release|Any CPU.ActiveCfg = Release|Any CPU
		{8BC4F7C2-635C-4E2D-B723-A603036F2F00}.Release|Any CPU.Build.0 = Release|Any CPU
	EndGlobalSection
	GlobalSection(SolutionProperties) = preSolution
		HideSolutionNode = FALSE
	EndGlobalSection
	GlobalSection(ExtensibilityGlobals) = postSolution
		SolutionGuid = {5CDA7181-8CB2-425D-8B34-08A32F4329D8}
	EndGlobalSection
EndGlobal
